
Microsoft Visual Studio Solution File, Format Version 12.00
# Visual Studio Version 16
VisualStudioVersion = 16.0.31019.35
MinimumVisualStudioVersion = 10.0.40219.1
Project("{9A19103F-16F7-4668-BE54-9A1E7A4F7556}") = "ML Feedback", "ML Feedback.csproj", "{D2E252C4-CC55-45BC-89D5-2242B388F034}"
EndProject
Global
	GlobalSection(SolutionConfigurationPlatforms) = preSolution
		Debug|Any CPU = Debug|Any CPU
		Release|Any CPU = Release|Any CPU
	EndGlobalSection
	GlobalSection(ProjectConfigurationPlatforms) = postSolution
		{D2E252C4-CC55-45BC-89D5-2242B388F034}.Debug|Any CPU.ActiveCfg = Debug|Any CPU
		{D2E252C4-CC55-45BC-89D5-2242B388F034}.Debug|Any CPU.Build.0 = Debug|Any CPU
		{D2E252C4-CC55-45BC-89D5-2242B388F034}.Release|Any CPU.ActiveCfg = Release|Any CPU
		{D2E252C4-CC55-45BC-89D5-2242B388F034}.Release|Any CPU.Build.0 = Release|Any CPU
	EndGlobalSection
	GlobalSection(SolutionProperties) = preSolution
		HideSolutionNode = FALSE
	EndGlobalSection
	GlobalSection(ExtensibilityGlobals) = postSolution
		SolutionGuid = {4E6328F8-078E-496F-AB2E-9765DEAAACA5}
	EndGlobalSection
EndGlobal
